
Microsoft Visual Studio Solution File, Format Version 12.00
# Visual Studio Version 16
VisualStudioVersion = 16.0.30114.105
MinimumVisualStudioVersion = 10.0.40219.1
Project("{FAE04EC0-301F-11D3-BF4B-00C04F79EFBC}") = "AssemblyPatches", "AssemblyPatches\AssemblyPatches.csproj", "{CA098B27-B526-4E3C-8070-85F09187B48E}"
EndProject
Global
	GlobalSection(SolutionConfigurationPlatforms) = preSolution
		ScreenShakeOnly|Any CPU = ScreenShakeOnly|Any CPU
		MiniSaveStatesOnly|Any CPU = MiniSaveStatesOnly|Any CPU
		ScreenShakeAndMiniSaveStates|Any CPU = ScreenShakeAndMiniSaveStates|Any CPU
	EndGlobalSection
	GlobalSection(SolutionProperties) = preSolution
		HideSolutionNode = FALSE
	EndGlobalSection
	GlobalSection(ProjectConfigurationPlatforms) = postSolution
		{CA098B27-B526-4E3C-8070-85F09187B48E}.ScreenShakeOnly|Any CPU.ActiveCfg = ScreenShakeOnly|Any CPU
		{CA098B27-B526-4E3C-8070-85F09187B48E}.ScreenShakeOnly|Any CPU.Build.0 = ScreenShakeOnly|Any CPU
		{CA098B27-B526-4E3C-8070-85F09187B48E}.MiniSaveStatesOnly|Any CPU.ActiveCfg = MiniSaveStatesOnly|Any CPU
		{CA098B27-B526-4E3C-8070-85F09187B48E}.MiniSaveStatesOnly|Any CPU.Build.0 = MiniSaveStatesOnly|Any CPU
		{CA098B27-B526-4E3C-8070-85F09187B48E}.ScreenShakeAndMiniSaveStates|Any CPU.ActiveCfg = ScreenShakeAndMiniSaveStates|Any CPU
		{CA098B27-B526-4E3C-8070-85F09187B48E}.ScreenShakeAndMiniSaveStates|Any CPU.Build.0 = ScreenShakeAndMiniSaveStates|Any CPU
	EndGlobalSection
EndGlobal
